lockfileVersion: '6.0'

settings:
  autoInstallPeers: true
  excludeLinksFromLockfile: false

dependencies:
  '@cva/test-reporter-html':
    specifier: file:../reporters/test-reporter-html
    version: file:../reporters/test-reporter-html
  diff:
    specifier: ^5.1.0
    version: 5.1.0
  tslib:
    specifier: ^2.6.2
    version: 2.6.2

devDependencies:
  pure-uuid:
    specifier: ^1.8.1
    version: 1.8.1

packages:

  /diff@5.1.0:
    resolution: {integrity: sha512-D+mk+qE8VC/PAUrlAU34N+VfXev0ghe5ywmpqrawphmVZc1bEfn56uo9qpyGp1p4xpzOHkSW4ztBd6L7Xx4ACw==}
    engines: {node: '>=0.3.1'}
    dev: false

  /pure-uuid@1.8.1:
    resolution: {integrity: sha512-PIwHXU7NZb/wTBwUfzCSjI85tfwx6DQOm74sRLtNLH8KHsFZEvAQbBQdz7E5ij8SNSv9WGdQPWiiM6NpNIeNfA==}
    engines: {node: '>=8.0.0'}
    dev: true

  /tslib@2.6.2:
    resolution: {integrity: sha512-AEYxH93jGFPn/a2iVAwW87VuUIkR1FVUKB77NwMF7nBTDkDrrT/Hpt/IrCJ0QXhW27jTBDcf5ZY7w6RiqTMw2Q==}
    dev: false

  file:../reporters/test-reporter-html:
    resolution: {directory: ../reporters/test-reporter-html, type: directory}
    name: '@cva/test-reporter-html'
    dev: false
